
Microsoft Visual Studio Solution File, Format Version 12.00
# Visual Studio Version 16
VisualStudioVersion = 16.0.30011.22
MinimumVisualStudioVersion = 10.0.40219.1
Project("{FAE04EC0-301F-11D3-BF4B-00C04F79EFBC}") = "FixGraphicsEngine", "FixGraphicsEngine\FixGraphicsEngine.csproj", "{49124D7E-E112-45AF-86E8-7FA916AB3A2B}"
EndProject
Global
	GlobalSection(SolutionConfigurationPlatforms) = preSolution
		Debug|Any CPU = Debug|Any CPU
		Release|Any CPU = Release|Any CPU
	EndGlobalSection
	GlobalSection(ProjectConfigurationPlatforms) = postSolution
		{49124D7E-E112-45AF-86E8-7FA916AB3A2B}.Debug|Any CPU.ActiveCfg = Debug|Any CPU
		{49124D7E-E112-45AF-86E8-7FA916AB3A2B}.Debug|Any CPU.Build.0 = Debug|Any CPU
		{49124D7E-E112-45AF-86E8-7FA916AB3A2B}.Release|Any CPU.ActiveCfg = Release|Any CPU
		{49124D7E-E112-45AF-86E8-7FA916AB3A2B}.Release|Any CPU.Build.0 = Release|Any CPU
	EndGlobalSection
	GlobalSection(SolutionProperties) = preSolution
		HideSolutionNode = FALSE
	EndGlobalSection
	GlobalSection(ExtensibilityGlobals) = postSolution
		SolutionGuid = {D673A5D2-189D-493D-A11F-2B42934FAE6F}
	EndGlobalSection
EndGlobal
